
Microsoft Visual Studio Solution File, Format Version 12.00
# Visual Studio Version 16
VisualStudioVersion = 16.0.30204.135
MinimumVisualStudioVersion = 10.0.40219.1
Project("{FAE04EC0-301F-11D3-BF4B-00C04F79EFBC}") = "IdealGasCalcP2", "IdealGasCalcP2\IdealGasCalcP2.csproj", "{E36B1413-493D-461E-B161-DDA486982A69}"
EndProject
Global
	GlobalSection(SolutionConfigurationPlatforms) = preSolution
		Debug|Any CPU = Debug|Any CPU
		Release|Any CPU = Release|Any CPU
	EndGlobalSection
	GlobalSection(ProjectConfigurationPlatforms) = postSolution
		{E36B1413-493D-461E-B161-DDA486982A69}.Debug|Any CPU.ActiveCfg = Debug|Any CPU
		{E36B1413-493D-461E-B161-DDA486982A69}.Debug|Any CPU.Build.0 = Debug|Any CPU
		{E36B1413-493D-461E-B161-DDA486982A69}.Release|Any CPU.ActiveCfg = Release|Any CPU
		{E36B1413-493D-461E-B161-DDA486982A69}.Release|Any CPU.Build.0 = Release|Any CPU
	EndGlobalSection
	GlobalSection(SolutionProperties) = preSolution
		HideSolutionNode = FALSE
	EndGlobalSection
	GlobalSection(ExtensibilityGlobals) = postSolution
		SolutionGuid = {D12F830F-7750-483A-B8AB-BAEEB45B95AD}
	EndGlobalSection
EndGlobal
